
Microsoft Visual Studio Solution File, Format Version 12.00
# Visual Studio Version 17
VisualStudioVersion = 17.5.002.0
MinimumVisualStudioVersion = 10.0.40219.1
Project("{9A19103F-16F7-4668-BE54-9A1E7A4F7556}") = "Example002_HelloUser", "Example002_HelloUser.csproj", "{FF92F9B0-BD49-498D-9BEB-DBB9CC95958A}"
EndProject
Global
	GlobalSection(SolutionConfigurationPlatforms) = preSolution
		Debug|Any CPU = Debug|Any CPU
		Release|Any CPU = Release|Any CPU
	EndGlobalSection
	GlobalSection(ProjectConfigurationPlatforms) = postSolution
		{FF92F9B0-BD49-498D-9BEB-DBB9CC95958A}.Debug|Any CPU.ActiveCfg = Debug|Any CPU
		{FF92F9B0-BD49-498D-9BEB-DBB9CC95958A}.Debug|Any CPU.Build.0 = Debug|Any CPU
		{FF92F9B0-BD49-498D-9BEB-DBB9CC95958A}.Release|Any CPU.ActiveCfg = Release|Any CPU
		{FF92F9B0-BD49-498D-9BEB-DBB9CC95958A}.Release|Any CPU.Build.0 = Release|Any CPU
	EndGlobalSection
	GlobalSection(SolutionProperties) = preSolution
		HideSolutionNode = FALSE
	EndGlobalSection
	GlobalSection(ExtensibilityGlobals) = postSolution
		SolutionGuid = {39413B93-F033-4542-8C47-B52D0B1A5D9F}
	EndGlobalSection
EndGlobal
